Microsoft Visual Studio Solution File, Format Version 11.00
# Visual Studio 2008

Project("{3569B34D-8C87-F72C-5D0F-C596DC5B23CA}") = "DVC", "Assembly-CSharp.csproj", "{E1694229-CE8F-146B-5BD7-51769BAADE98}"
EndProject
Global
	GlobalSection(SolutionConfigurationPlatforms) = preSolution
		Debug|Any CPU = Debug|Any CPU
		Release|Any CPU = Release|Any CPU
	EndGlobalSection
	GlobalSection(ProjectConfigurationPlatforms) = postSolution
		{E1694229-CE8F-146B-5BD7-51769BAADE98}.Debug|Any CPU.ActiveCfg = Debug|Any CPU
		{E1694229-CE8F-146B-5BD7-51769BAADE98}.Debug|Any CPU.Build.0 = Debug|Any CPU
		{E1694229-CE8F-146B-5BD7-51769BAADE98}.Release|Any CPU.ActiveCfg = Release|Any CPU
		{E1694229-CE8F-146B-5BD7-51769BAADE98}.Release|Any CPU.Build.0 = Release|Any CPU
	EndGlobalSection
	GlobalSection(SolutionProperties) = preSolution
		HideSolutionNode = FALSE
	EndGlobalSection
																																																																																																																																																																																											GlobalSection(MonoDevelopProperties) = preSolution
		StartupItem = Assembly-CSharp.csproj
		Policies = $0
		$0.TextStylePolicy = $1
		$1.inheritsSet = null
		$1.scope = text/x-csharp
		$0.CSharpFormattingPolicy = $2
		$2.inheritsSet = Mono
		$2.inheritsScope = text/x-csharp
		$2.scope = text/x-csharp
		$0.TextStylePolicy = $3
		$3.FileWidth = 120
		$3.TabWidth = 4
		$3.EolMarker = Unix
		$3.inheritsSet = Mono
		$3.inheritsScope = text/plain
		$3.scope = text/plain
	EndGlobalSection

EndGlobal
